
Microsoft Visual Studio Solution File, Format Version 12.00
# Visual Studio 15
Project("{FAE04EC0-301F-11D3-BF4B-00C04F79EFBC}") = "PrayCalendar.Android", "PrayCalendar.Android\PrayCalendar.Android.csproj", "{0C8B0D68-BB09-4202-A90E-17D1F1E18601}"
EndProject
Project("{FAE04EC0-301F-11D3-BF4B-00C04F79EFBC}") = "PrayCalendar.iOS", "PrayCalendar.iOS\PrayCalendar.iOS.csproj", "{A9969DE7-7B20-4492-96AE-E759AF0B64D3}"
EndProject
Project("{FAE04EC0-301F-11D3-BF4B-00C04F79EFBC}") = "PrayCalendar", "PrayCalendar\PrayCalendar.csproj", "{B5DDD295-C8E7-4021-A4FC-C2B8E03B685E}"
EndProject
Global
	GlobalSection(SolutionConfigurationPlatforms) = preSolution
		Debug|Any CPU = Debug|Any CPU
		Release|Any CPU = Release|Any CPU
		Debug|iPhoneSimulator = Debug|iPhoneSimulator
		Release|iPhoneSimulator = Release|iPhoneSimulator
		Debug|iPhone = Debug|iPhone
		Release|iPhone = Release|iPhone
	EndGlobalSection
	GlobalSection(ProjectConfigurationPlatforms) = postSolution
		{0C8B0D68-BB09-4202-A90E-17D1F1E18601}.Debug|Any CPU.ActiveCfg = Debug|Any CPU
		{0C8B0D68-BB09-4202-A90E-17D1F1E18601}.Debug|Any CPU.Build.0 = Debug|Any CPU
		{0C8B0D68-BB09-4202-A90E-17D1F1E18601}.Release|Any CPU.ActiveCfg = Release|Any CPU
		{0C8B0D68-BB09-4202-A90E-17D1F1E18601}.Release|Any CPU.Build.0 = Release|Any CPU
		{0C8B0D68-BB09-4202-A90E-17D1F1E18601}.Debug|iPhoneSimulator.ActiveCfg = Debug|Any CPU
		{0C8B0D68-BB09-4202-A90E-17D1F1E18601}.Debug|iPhoneSimulator.Build.0 = Debug|Any CPU
		{0C8B0D68-BB09-4202-A90E-17D1F1E18601}.Release|iPhoneSimulator.ActiveCfg = Release|Any CPU
		{0C8B0D68-BB09-4202-A90E-17D1F1E18601}.Release|iPhoneSimulator.Build.0 = Release|Any CPU
		{0C8B0D68-BB09-4202-A90E-17D1F1E18601}.Debug|iPhone.ActiveCfg = Debug|Any CPU
		{0C8B0D68-BB09-4202-A90E-17D1F1E18601}.Debug|iPhone.Build.0 = Debug|Any CPU
		{0C8B0D68-BB09-4202-A90E-17D1F1E18601}.Release|iPhone.ActiveCfg = Release|Any CPU
		{0C8B0D68-BB09-4202-A90E-17D1F1E18601}.Release|iPhone.Build.0 = Release|Any CPU
		{A9969DE7-7B20-4492-96AE-E759AF0B64D3}.Debug|Any CPU.ActiveCfg = Debug|iPhoneSimulator
		{A9969DE7-7B20-4492-96AE-E759AF0B64D3}.Debug|Any CPU.Build.0 = Debug|iPhoneSimulator
		{A9969DE7-7B20-4492-96AE-E759AF0B64D3}.Release|Any CPU.ActiveCfg = Release|iPhoneSimulator
		{A9969DE7-7B20-4492-96AE-E759AF0B64D3}.Release|Any CPU.Build.0 = Release|iPhoneSimulator
		{A9969DE7-7B20-4492-96AE-E759AF0B64D3}.Debug|iPhoneSimulator.ActiveCfg = Debug|iPhoneSimulator
		{A9969DE7-7B20-4492-96AE-E759AF0B64D3}.Debug|iPhoneSimulator.Build.0 = Debug|iPhoneSimulator
		{A9969DE7-7B20-4492-96AE-E759AF0B64D3}.Release|iPhoneSimulator.ActiveCfg = Release|iPhoneSimulator
		{A9969DE7-7B20-4492-96AE-E759AF0B64D3}.Release|iPhoneSimulator.Build.0 = Release|iPhoneSimulator
		{A9969DE7-7B20-4492-96AE-E759AF0B64D3}.Debug|iPhone.ActiveCfg = Debug|iPhone
		{A9969DE7-7B20-4492-96AE-E759AF0B64D3}.Debug|iPhone.Build.0 = Debug|iPhone
		{A9969DE7-7B20-4492-96AE-E759AF0B64D3}.Release|iPhone.ActiveCfg = Release|iPhone
		{A9969DE7-7B20-4492-96AE-E759AF0B64D3}.Release|iPhone.Build.0 = Release|iPhone
		{B5DDD295-C8E7-4021-A4FC-C2B8E03B685E}.Debug|Any CPU.ActiveCfg = Debug|Any CPU
		{B5DDD295-C8E7-4021-A4FC-C2B8E03B685E}.Debug|Any CPU.Build.0 = Debug|Any CPU
		{B5DDD295-C8E7-4021-A4FC-C2B8E03B685E}.Release|Any CPU.ActiveCfg = Release|Any CPU
		{B5DDD295-C8E7-4021-A4FC-C2B8E03B685E}.Release|Any CPU.Build.0 = Release|Any CPU
		{B5DDD295-C8E7-4021-A4FC-C2B8E03B685E}.Debug|iPhoneSimulator.ActiveCfg = Debug|Any CPU
		{B5DDD295-C8E7-4021-A4FC-C2B8E03B685E}.Debug|iPhoneSimulator.Build.0 = Debug|Any CPU
		{B5DDD295-C8E7-4021-A4FC-C2B8E03B685E}.Release|iPhoneSimulator.ActiveCfg = Release|Any CPU
		{B5DDD295-C8E7-4021-A4FC-C2B8E03B685E}.Release|iPhoneSimulator.Build.0 = Release|Any CPU
		{B5DDD295-C8E7-4021-A4FC-C2B8E03B685E}.Debug|iPhone.ActiveCfg = Debug|Any CPU
		{B5DDD295-C8E7-4021-A4FC-C2B8E03B685E}.Debug|iPhone.Build.0 = Debug|Any CPU
		{B5DDD295-C8E7-4021-A4FC-C2B8E03B685E}.Release|iPhone.ActiveCfg = Release|Any CPU
		{B5DDD295-C8E7-4021-A4FC-C2B8E03B685E}.Release|iPhone.Build.0 = Release|Any CPU
	EndGlobalSection
EndGlobal
